<?xml version="1.0" encoding="utf-8"?>
<Project ToolsVersion="4.0" xmlns="http://schemas.microsoft.com/developer/msbuild/2003">
  <ItemGroup>
    <Filter Include="Source Files">
      <UniqueIdentifier>{4FC737F1-C7A5-4376-A066-2A32D752A2FF}</UniqueIdentifier>
      <Extensions>cpp;c;cc;cxx;c++;def;odl;idl;hpj;bat;asm;asmx</Extensions>
    </Filter>
    <Filter Include="Header Files">
      <UniqueIdentifier>{93995380-89BD-4b04-88EB-625FBE52EBFB}</UniqueIdentifier>
      <Extensions>h;hh;hpp;hxx;h++;hm;inl;inc;ipp;xsd</Extensions>
    </Filter>
    <Filter Include="Resource Files">
      <UniqueIdentifier>{67DA6AB6-F800-4c08-8B7A-83BB121AAD01}</UniqueIdentifier>
      <Extensions>rc;ico;cur;bmp;dlg;rc2;rct;bin;rgs;gif;jpg;jpeg;jpe;resx;tiff;tif;png;wav;mfcribbon-ms</Extensions>
    </Filter>
  </ItemGroup>
  <ItemGroup>
    <ClCompile Include="Main_Interface.cpp">
      <Filter>Source Files</Filter>
    </ClCompile>
    <ClCompile Include="src\CurrentState.cpp">
      <Filter>Source Files</Filter>
    </ClCompile>
    <ClCompile Include="src\Farmbot.cpp">
      <Filter>Source Files</Filter>
    </ClCompile>
    <ClCompile Include="src\ParameterList.cpp">
      <Filter>Source Files</Filter>
    </ClCompile>
    <ClCompile Include="src\PinClass.cpp">
      <Filter>Source Files</Filter>
    </ClCompile>
    <ClCompile Include="src\PinControl.cpp">
      <Filter>Source Files</Filter>
    </ClCompile>
    <ClCompile Include="src\ArduinoPins.cpp">
      <Filter>Source Files</Filter>
    </ClCompile>
    <ClCompile Include="src\Movement.cpp">
      <Filter>Source Files</Filter>
    </ClCompile>
    <ClCompile Include="src\MovementAxis.cpp">
      <Filter>Source Files</Filter>
    </ClCompile>
    <ClCompile Include="src\Command.cpp">
      <Filter>Source Files</Filter>
    </ClCompile>
    <ClCompile Include="src\GCodeProcessor.cpp">
      <Filter>Source Files</Filter>
    </ClCompile>
    <ClCompile Include="src\F09Handler.cpp">
      <Filter>Source Files</Filter>
    </ClCompile>
    <ClCompile Include="src\F11Handler.cpp">
      <Filter>Source Files</Filter>
    </ClCompile>
    <ClCompile Include="src\F12Handler.cpp">
      <Filter>Source Files</Filter>
    </ClCompile>
    <ClCompile Include="src\F13Handler.cpp">
      <Filter>Source Files</Filter>
    </ClCompile>
    <ClCompile Include="src\F14Handler.cpp">
      <Filter>Source Files</Filter>
    </ClCompile>
    <ClCompile Include="src\F15Handler.cpp">
      <Filter>Source Files</Filter>
    </ClCompile>
    <ClCompile Include="src\F16Handler.cpp">
      <Filter>Source Files</Filter>
    </ClCompile>
    <ClCompile Include="src\F20Handler.cpp">
      <Filter>Source Files</Filter>
    </ClCompile>
    <ClCompile Include="src\F21Handler.cpp">
      <Filter>Source Files</Filter>
    </ClCompile>
    <ClCompile Include="src\F22Handler.cpp">
      <Filter>Source Files</Filter>
    </ClCompile>
    <ClCompile Include="src\F31Handler.cpp">
      <Filter>Source Files</Filter>
    </ClCompile>
    <ClCompile Include="src\F32Handler.cpp">
      <Filter>Source Files</Filter>
    </ClCompile>
    <ClCompile Include="src\F41Handler.cpp">
      <Filter>Source Files</Filter>
    </ClCompile>
    <ClCompile Include="src\F42Handler.cpp">
      <Filter>Source Files</Filter>
    </ClCompile>
    <ClCompile Include="src\F43Handler.cpp">
      <Filter>Source Files</Filter>
    </ClCompile>
    <ClCompile Include="src\F44Handler.cpp">
      <Filter>Source Files</Filter>
    </ClCompile>
    <ClCompile Include="src\F61Handler.cpp">
      <Filter>Source Files</Filter>
    </ClCompile>
    <ClCompile Include="src\F81Handler.cpp">
      <Filter>Source Files</Filter>
    </ClCompile>
    <ClCompile Include="src\F82Handler.cpp">
      <Filter>Source Files</Filter>
    </ClCompile>
    <ClCompile Include="src\F83Handler.cpp">
      <Filter>Source Files</Filter>
    </ClCompile>
    <ClCompile Include="src\F84Handler.cpp">
      <Filter>Source Files</Filter>
    </ClCompile>
    <ClCompile Include="src\G00Handler.cpp">
      <Filter>Source Files</Filter>
    </ClCompile>
    <ClCompile Include="src\G28Handler.cpp">
      <Filter>Source Files</Filter>
    </ClCompile>
    <ClCompile Include="src\GCodeHandler.cpp">
      <Filter>Source Files</Filter>
    </ClCompile>
    <ClCompile Include="src\StatusList.cpp">
      <Filter>Source Files</Filter>
    </ClCompile>
  </ItemGroup>
  <ItemGroup>
    <ClInclude Include="Main_Interface.h">
      <Filter>Header Files</Filter>
    </ClInclude>
    <ClInclude Include="include\Board.h">
      <Filter>Header Files</Filter>
    </ClInclude>
    <ClInclude Include="include\Config.h">
      <Filter>Header Files</Filter>
    </ClInclude>
    <ClInclude Include="include\CurrentState.h">
      <Filter>Header Files</Filter>
    </ClInclude>
    <ClInclude Include="include\Farmbot.h">
      <Filter>Header Files</Filter>
    </ClInclude>
    <ClInclude Include="include\ParameterList.h">
      <Filter>Header Files</Filter>
    </ClInclude>
    <ClInclude Include="include\PinClass.h">
      <Filter>Header Files</Filter>
    </ClInclude>
    <ClInclude Include="include\PinControl.h">
      <Filter>Header Files</Filter>
    </ClInclude>
    <ClInclude Include="include\pins.h">
      <Filter>Header Files</Filter>
    </ClInclude>
    <ClInclude Include="include\ArduinoPins.h">
      <Filter>Header Files</Filter>
    </ClInclude>
    <ClInclude Include="include\Movement.h">
      <Filter>Header Files</Filter>
    </ClInclude>
    <ClInclude Include="include\MovementAxis.h">
      <Filter>Header Files</Filter>
    </ClInclude>
    <ClInclude Include="include\Command.h">
      <Filter>Header Files</Filter>
    </ClInclude>
    <ClInclude Include="include\GCodeProcessor.h">
      <Filter>Header Files</Filter>
    </ClInclude>
    <ClInclude Include="include\F09Handler.h">
      <Filter>Header Files</Filter>
    </ClInclude>
    <ClInclude Include="include\F11Handler.h">
      <Filter>Header Files</Filter>
    </ClInclude>
    <ClInclude Include="include\F12Handler.h">
      <Filter>Header Files</Filter>
    </ClInclude>
    <ClInclude Include="include\F13Handler.h">
      <Filter>Header Files</Filter>
    </ClInclude>
    <ClInclude Include="include\F14Handler.h">
      <Filter>Header Files</Filter>
    </ClInclude>
    <ClInclude Include="include\F15Handler.h">
      <Filter>Header Files</Filter>
    </ClInclude>
    <ClInclude Include="include\F16Handler.h">
      <Filter>Header Files</Filter>
    </ClInclude>
    <ClInclude Include="include\F20Handler.h">
      <Filter>Header Files</Filter>
    </ClInclude>
    <ClInclude Include="include\F21Handler.h">
      <Filter>Header Files</Filter>
    </ClInclude>
    <ClInclude Include="include\F22Handler.h">
      <Filter>Header Files</Filter>
    </ClInclude>
    <ClInclude Include="include\F31Handler.h">
      <Filter>Header Files</Filter>
    </ClInclude>
    <ClInclude Include="include\F32Handler.h">
      <Filter>Header Files</Filter>
    </ClInclude>
    <ClInclude Include="include\F41Handler.h">
      <Filter>Header Files</Filter>
    </ClInclude>
    <ClInclude Include="include\F42Handler.h">
      <Filter>Header Files</Filter>
    </ClInclude>
    <ClInclude Include="include\F43Handler.h">
      <Filter>Header Files</Filter>
    </ClInclude>
    <ClInclude Include="include\F44Handler.h">
      <Filter>Header Files</Filter>
    </ClInclude>
    <ClInclude Include="include\F61Handler.h">
      <Filter>Header Files</Filter>
    </ClInclude>
    <ClInclude Include="include\F81Handler.h">
      <Filter>Header Files</Filter>
    </ClInclude>
    <ClInclude Include="include\F82Handler.h">
      <Filter>Header Files</Filter>
    </ClInclude>
    <ClInclude Include="include\F83Handler.h">
      <Filter>Header Files</Filter>
    </ClInclude>
    <ClInclude Include="include\F84Handler.h">
      <Filter>Header Files</Filter>
    </ClInclude>
    <ClInclude Include="include\G00Handler.h">
      <Filter>Header Files</Filter>
    </ClInclude>
    <ClInclude Include="include\G28Handler.h">
      <Filter>Header Files</Filter>
    </ClInclude>
    <ClInclude Include="include\GCodeHandler.h">
      <Filter>Header Files</Filter>
    </ClInclude>
    <ClInclude Include="include\StatusList.h">
      <Filter>Header Files</Filter>
    </ClInclude>
  </ItemGroup>
  <ItemGroup>
    <Image Include="images\Icon.ico">
      <Filter>Resource Files</Filter>
    </Image>
  </ItemGroup>
</Project>